// !$*UTF8*$!
{
	archiveVersion = 1;
	classes = {
	};
	objectVersion = 51;
	objects = {

/* Begin PBXBuildFile section */
		434169434148949ED85771FF /* Pods_journalTests.framework in Frameworks */ = {isa = PBXBuildFile; fileRef = 14DC9A11CF35B6C958C50986 /* Pods_journalTests.framework */; };
		556029B2258220CB003B91B5 /* AppDelegate.swift in Sources */ = {isa = PBXBuildFile; fileRef = 556029B1258220CB003B91B5 /* AppDelegate.swift */; };
		556029B4258220CB003B91B5 /* SceneDelegate.swift in Sources */ = {isa = PBXBuildFile; fileRef = 556029B3258220CB003B91B5 /* SceneDelegate.swift */; };
		556029B9258220CB003B91B5 /* Main.storyboard in Resources */ = {isa = PBXBuildFile; fileRef = 556029B7258220CB003B91B5 /* Main.storyboard */; };
		556029BB258220CE003B91B5 /* Assets.xcassets in Resources */ = {isa = PBXBuildFile; fileRef = 556029BA258220CE003B91B5 /* Assets.xcassets */; };
		556029BE258220CE003B91B5 /* LaunchScreen.storyboard in Resources */ = {isa = PBXBuildFile; fileRef = 556029BC258220CE003B91B5 /* LaunchScreen.storyboard */; };
		556029C9258220CF003B91B5 /* journalTests.swift in Sources */ = {isa = PBXBuildFile; fileRef = 556029C8258220CF003B91B5 /* journalTests.swift */; };
		556029D4258220CF003B91B5 /* journalUITests.swift in Sources */ = {isa = PBXBuildFile; fileRef = 556029D3258220CF003B91B5 /* journalUITests.swift */; };
		556029F925822460003B91B5 /* FeedViewController.swift in Sources */ = {isa = PBXBuildFile; fileRef = 556029F825822460003B91B5 /* FeedViewController.swift */; };
		55602A01258225B5003B91B5 /* LoginViewController.swift in Sources */ = {isa = PBXBuildFile; fileRef = 55602A00258225B5003B91B5 /* LoginViewController.swift */; };
		55602A0625822C36003B91B5 /* CameraViewController.swift in Sources */ = {isa = PBXBuildFile; fileRef = 55602A0525822C36003B91B5 /* CameraViewController.swift */; };
		55602A212582E836003B91B5 /* NoteCell.swift in Sources */ = {isa = PBXBuildFile; fileRef = 55602A202582E836003B91B5 /* NoteCell.swift */; };
		C09B69718573EA2FB9CB9DDE /* Pods_journal_journalUITests.framework in Frameworks */ = {isa = PBXBuildFile; fileRef = 489A2CC9E33C8E5D530B7DB5 /* Pods_journal_journalUITests.framework */; };
		CCB9374734A1A1015C16760E /* Pods_journal.framework in Frameworks */ = {isa = PBXBuildFile; fileRef = 29F81AE717BBDCD67C50CFB9 /* Pods_journal.framework */; };
/* End PBXBuildFile section */

/* Begin PBXContainerItemProxy section */
		556029C5258220CF003B91B5 /* PBXContainerItemProxy */ = {
			isa = PBXContainerItemProxy;
			containerPortal = 556029A6258220CB003B91B5 /* Project object */;
			proxyType = 1;
			remoteGlobalIDString = 556029AD258220CB003B91B5;
			remoteInfo = journal;
		};
		556029D0258220CF003B91B5 /* PBXContainerItemProxy */ = {
			isa = PBXContainerItemProxy;
			containerPortal = 556029A6258220CB003B91B5 /* Project object */;
			proxyType = 1;
			remoteGlobalIDString = 556029AD258220CB003B91B5;
			remoteInfo = journal;
		};
/* End PBXContainerItemProxy section */

/* Begin PBXFileReference section */
		14DC9A11CF35B6C958C50986 /* Pods_journalTests.framework */ = {isa = PBXFileReference; explicitFileType = wrapper.framework; includeInIndex = 0; path = Pods_journalTests.framework; sourceTree = BUILT_PRODUCTS_DIR; };
		16406152AE2679B913C9EA26 /* Pods-journalTests.release.xcconfig */ = {isa = PBXFileReference; includeInIndex = 1; lastKnownFileType = text.xcconfig; name = "Pods-journalTests.release.xcconfig"; path = "Target Support Files/Pods-journalTests/Pods-journalTests.release.xcconfig"; sourceTree = "<group>"; };
		29F81AE717BBDCD67C50CFB9 /* Pods_journal.framework */ = {isa = PBXFileReference; explicitFileType = wrapper.framework; includeInIndex = 0; path = Pods_journal.framework; sourceTree = BUILT_PRODUCTS_DIR; };
		489A2CC9E33C8E5D530B7DB5 /* Pods_journal_journalUITests.framework */ = {isa = PBXFileReference; explicitFileType = wrapper.framework; includeInIndex = 0; path = Pods_journal_journalUITests.framework; sourceTree = BUILT_PRODUCTS_DIR; };
		556029AE258220CB003B91B5 /* journal.app */ = {isa = PBXFileReference; explicitFileType = wrapper.application; includeInIndex = 0; path = journal.app; sourceTree = BUILT_PRODUCTS_DIR; };
		556029B1258220CB003B91B5 /* AppDelegate.swift */ = {isa = PBXFileReference; lastKnownFileType = sourcecode.swift; path = AppDelegate.swift; sourceTree = "<group>"; };
		556029B3258220CB003B91B5 /* SceneDelegate.swift */ = {isa = PBXFileReference; lastKnownFileType = sourcecode.swift; path = SceneDelegate.swift; sourceTree = "<group>"; };
		556029B8258220CB003B91B5 /* Base */ = {isa = PBXFileReference; lastKnownFileType = file.storyboard; name = Base; path = Base.lproj/Main.storyboard; sourceTree = "<group>"; };
		556029BA258220CE003B91B5 /* Assets.xcassets */ = {isa = PBXFileReference; lastKnownFileType = folder.assetcatalog; path = Assets.xcassets; sourceTree = "<group>"; };
		556029BD258220CE003B91B5 /* Base */ = {isa = PBXFileReference; lastKnownFileType = file.storyboard; name = Base; path = Base.lproj/LaunchScreen.storyboard; sourceTree = "<group>"; };
		556029BF258220CE003B91B5 /* Info.plist */ = {isa = PBXFileReference; lastKnownFileType = text.plist.xml; path = Info.plist; sourceTree = "<group>"; };
		556029C4258220CF003B91B5 /* journalTests.xctest */ = {isa = PBXFileReference; explicitFileType = wrapper.cfbundle; includeInIndex = 0; path = journalTests.xctest; sourceTree = BUILT_PRODUCTS_DIR; };
		556029C8258220CF003B91B5 /* journalTests.swift */ = {isa = PBXFileReference; lastKnownFileType = sourcecode.swift; path = journalTests.swift; sourceTree = "<group>"; };
		556029CA258220CF003B91B5 /* Info.plist */ = {isa = PBXFileReference; lastKnownFileType = text.plist.xml; path = Info.plist; sourceTree = "<group>"; };
		556029CF258220CF003B91B5 /* journalUITests.xctest */ = {isa = PBXFileReference; explicitFileType = wrapper.cfbundle; includeInIndex = 0; path = journalUITests.xctest; sourceTree = BUILT_PRODUCTS_DIR; };
		556029D3258220CF003B91B5 /* journalUITests.swift */ = {isa = PBXFileReference; lastKnownFileType = sourcecode.swift; path = journalUITests.swift; sourceTree = "<group>"; };
		556029D5258220CF003B91B5 /* Info.plist */ = {isa = PBXFileReference; lastKnownFileType = text.plist.xml; path = Info.plist; sourceTree = "<group>"; };
		556029F825822460003B91B5 /* FeedViewController.swift */ = {isa = PBXFileReference; lastKnownFileType = sourcecode.swift; path = FeedViewController.swift; sourceTree = "<group>"; };
		55602A00258225B5003B91B5 /* LoginViewController.swift */ = {isa = PBXFileReference; lastKnownFileType = sourcecode.swift; path = LoginViewController.swift; sourceTree = "<group>"; };
		55602A0525822C36003B91B5 /* CameraViewController.swift */ = {isa = PBXFileReference; lastKnownFileType = sourcecode.swift; path = CameraViewController.swift; sourceTree = "<group>"; };
		55602A202582E836003B91B5 /* NoteCell.swift */ = {isa = PBXFileReference; lastKnownFileType = sourcecode.swift; path = NoteCell.swift; sourceTree = "<group>"; };
		71FC93925E9CF5B1A4245E73 /* Pods-journal-journalUITests.release.xcconfig */ = {isa = PBXFileReference; includeInIndex = 1; lastKnownFileType = text.xcconfig; name = "Pods-journal-journalUITests.release.xcconfig"; path = "Target Support Files/Pods-journal-journalUITests/Pods-journal-journalUITests.release.xcconfig"; sourceTree = "<group>"; };
		74AB9806F40BF2D2EA18930B /* Pods-journal-journalUITests.debug.xcconfig */ = {isa = PBXFileReference; includeInIndex = 1; lastKnownFileType = text.xcconfig; name = "Pods-journal-journalUITests.debug.xcconfig"; path = "Target Support Files/Pods-journal-journalUITests/Pods-journal-journalUITests.debug.xcconfig"; sourceTree = "<group>"; };
		8197B335F945165EBFC43B93 /* Pods-journal.debug.xcconfig */ = {isa = PBXFileReference; includeInIndex = 1; lastKnownFileType = text.xcconfig; name = "Pods-journal.debug.xcconfig"; path = "Target Support Files/Pods-journal/Pods-journal.debug.xcconfig"; sourceTree = "<group>"; };
		D3F190B14430049963534E8D /* Pods-journal.release.xcconfig */ = {isa = PBXFileReference; includeInIndex = 1; lastKnownFileType = text.xcconfig; name = "Pods-journal.release.xcconfig"; path = "Target Support Files/Pods-journal/Pods-journal.release.xcconfig"; sourceTree = "<group>"; };
		E23DF9623B1B8D08D6094FE3 /* Pods-journalTests.debug.xcconfig */ = {isa = PBXFileReference; includeInIndex = 1; lastKnownFileType = text.xcconfig; name = "Pods-journalTests.debug.xcconfig"; path = "Target Support Files/Pods-journalTests/Pods-journalTests.debug.xcconfig"; sourceTree = "<group>"; };
/* End PBXFileReference section */

/* Begin PBXFrameworksBuildPhase section */
		556029AB258220CB003B91B5 /* Frameworks */ = {
			isa = PBXFrameworksBuildPhase;
			buildActionMask = 2147483647;
			files = (
				CCB9374734A1A1015C16760E /* Pods_journal.framework in Frameworks */,
			);
			runOnlyForDeploymentPostprocessing = 0;
		};
		556029C1258220CF003B91B5 /* Frameworks */ = {
			isa = PBXFrameworksBuildPhase;
			buildActionMask = 2147483647;
			files = (
				434169434148949ED85771FF /* Pods_journalTests.framework in Frameworks */,
			);
			runOnlyForDeploymentPostprocessing = 0;
		};
		556029CC258220CF003B91B5 /* Frameworks */ = {
			isa = PBXFrameworksBuildPhase;
			buildActionMask = 2147483647;
			files = (
				C09B69718573EA2FB9CB9DDE /* Pods_journal_journalUITests.framework in Frameworks */,
			);
			runOnlyForDeploymentPostprocessing = 0;
		};
/* End PBXFrameworksBuildPhase section */

/* Begin PBXGroup section */
		3CC83355CCF8C35A39BBC570 /* Frameworks */ = {
			isa = PBXGroup;
			children = (
				29F81AE717BBDCD67C50CFB9 /* Pods_journal.framework */,
				489A2CC9E33C8E5D530B7DB5 /* Pods_journal_journalUITests.framework */,
				14DC9A11CF35B6C958C50986 /* Pods_journalTests.framework */,
			);
			name = Frameworks;
			sourceTree = "<group>";
		};
		556029A5258220CB003B91B5 = {
			isa = PBXGroup;
			children = (
				556029B0258220CB003B91B5 /* journal */,
				556029C7258220CF003B91B5 /* journalTests */,
				556029D2258220CF003B91B5 /* journalUITests */,
				556029AF258220CB003B91B5 /* Products */,
				6D1E3538FAD95C212121F327 /* Pods */,
				3CC83355CCF8C35A39BBC570 /* Frameworks */,
			);
			sourceTree = "<group>";
		};
		556029AF258220CB003B91B5 /* Products */ = {
			isa = PBXGroup;
			children = (
				556029AE258220CB003B91B5 /* journal.app */,
				556029C4258220CF003B91B5 /* journalTests.xctest */,
				556029CF258220CF003B91B5 /* journalUITests.xctest */,
			);
			name = Products;
			sourceTree = "<group>";
		};
		556029B0258220CB003B91B5 /* journal */ = {
			isa = PBXGroup;
			children = (
				556029B1258220CB003B91B5 /* AppDelegate.swift */,
				556029B3258220CB003B91B5 /* SceneDelegate.swift */,
				556029B7258220CB003B91B5 /* Main.storyboard */,
				556029BA258220CE003B91B5 /* Assets.xcassets */,
				556029BC258220CE003B91B5 /* LaunchScreen.storyboard */,
				556029BF258220CE003B91B5 /* Info.plist */,
				556029F825822460003B91B5 /* FeedViewController.swift */,
				55602A00258225B5003B91B5 /* LoginViewController.swift */,
				55602A0525822C36003B91B5 /* CameraViewController.swift */,
				55602A202582E836003B91B5 /* NoteCell.swift */,
			);
			path = journal;
			sourceTree = "<group>";
		};
		556029C7258220CF003B91B5 /* journalTests */ = {
			isa = PBXGroup;
			children = (
				556029C8258220CF003B91B5 /* journalTests.swift */,
				556029CA258220CF003B91B5 /* Info.plist */,
			);
			path = journalTests;
			sourceTree = "<group>";
		};
		556029D2258220CF003B91B5 /* journalUITests */ = {
			isa = PBXGroup;
			children = (
				556029D3258220CF003B91B5 /* journalUITests.swift */,
				556029D5258220CF003B91B5 /* Info.plist */,
			);
			path = journalUITests;
			sourceTree = "<group>";
		};
		6D1E3538FAD95C212121F327 /* Pods */ = {
			isa = PBXGroup;
			children = (
				8197B335F945165EBFC43B93 /* Pods-journal.debug.xcconfig */,
				D3F190B14430049963534E8D /* Pods-journal.release.xcconfig */,
				74AB9806F40BF2D2EA18930B /* Pods-journal-journalUITests.debug.xcconfig */,
				71FC93925E9CF5B1A4245E73 /* Pods-journal-journalUITests.release.xcconfig */,
				E23DF9623B1B8D08D6094FE3 /* Pods-journalTests.debug.xcconfig */,
				16406152AE2679B913C9EA26 /* Pods-journalTests.release.xcconfig */,
			);
			path = Pods;
			sourceTree = "<group>";
		};
/* End PBXGroup section */

/* Begin PBXNativeTarget section */
		556029AD258220CB003B91B5 /* journal */ = {
			isa = PBXNativeTarget;
			buildConfigurationList = 556029D8258220CF003B91B5 /* Build configuration list for PBXNativeTarget "journal" */;
			buildPhases = (
				1F3BEDE639C8C19AF53C7587 /* [CP] Check Pods Manifest.lock */,
				556029AA258220CB003B91B5 /* Sources */,
				556029AB258220CB003B91B5 /* Frameworks */,
				556029AC258220CB003B91B5 /* Resources */,
				44F50B734BC066395B1AFA6C /* [CP] Embed Pods Frameworks */,
			);
			buildRules = (
			);
			dependencies = (
			);
			name = journal;
			productName = journal;
			productReference = 556029AE258220CB003B91B5 /* journal.app */;
			productType = "com.apple.product-type.application";
		};
		556029C3258220CF003B91B5 /* journalTests */ = {
			isa = PBXNativeTarget;
			buildConfigurationList = 556029DB258220CF003B91B5 /* Build configuration list for PBXNativeTarget "journalTests" */;
			buildPhases = (
				190543259A30DE5B0C963FD2 /* [CP] Check Pods Manifest.lock */,
				556029C0258220CF003B91B5 /* Sources */,
				556029C1258220CF003B91B5 /* Frameworks */,
				556029C2258220CF003B91B5 /* Resources */,
			);
			buildRules = (
			);
			dependencies = (
				556029C6258220CF003B91B5 /* PBXTargetDependency */,
			);
			name = journalTests;
			productName = journalTests;
			productReference = 556029C4258220CF003B91B5 /* journalTests.xctest */;
			productType = "com.apple.product-type.bundle.unit-test";
		};
		556029CE258220CF003B91B5 /* journalUITests */ = {
			isa = PBXNativeTarget;
			buildConfigurationList = 556029DE258220CF003B91B5 /* Build configuration list for PBXNativeTarget "journalUITests" */;
			buildPhases = (
				DB7E043EFEA9271399869951 /* [CP] Check Pods Manifest.lock */,
				556029CB258220CF003B91B5 /* Sources */,
				556029CC258220CF003B91B5 /* Frameworks */,
				556029CD258220CF003B91B5 /* Resources */,
				A38B1CD838AEE7E0F05C1447 /* [CP] Embed Pods Frameworks */,
			);
			buildRules = (
			);
			dependencies = (
				556029D1258220CF003B91B5 /* PBXTargetDependency */,
			);
			name = journalUITests;
			productName = journalUITests;
			productReference = 556029CF258220CF003B91B5 /* journalUITests.xctest */;
			productType = "com.apple.product-type.bundle.ui-testing";
		};
/* End PBXNativeTarget section */

/* Begin PBXProject section */
		556029A6258220CB003B91B5 /* Project object */ = {
			isa = PBXProject;
			attributes = {
				LastSwiftUpdateCheck = 1200;
				LastUpgradeCheck = 1200;
				TargetAttributes = {
					556029AD258220CB003B91B5 = {
						CreatedOnToolsVersion = 12.0.1;
					};
					556029C3258220CF003B91B5 = {
						CreatedOnToolsVersion = 12.0.1;
						TestTargetID = 556029AD258220CB003B91B5;
					};
					556029CE258220CF003B91B5 = {
						CreatedOnToolsVersion = 12.0.1;
						TestTargetID = 556029AD258220CB003B91B5;
					};
				};
			};
			buildConfigurationList = 556029A9258220CB003B91B5 /* Build configuration list for PBXProject "journal" */;
			compatibilityVersion = "Xcode 9.3";
			developmentRegion = en;
			hasScannedForEncodings = 0;
			knownRegions = (
				en,
				Base,
			);
			mainGroup = 556029A5258220CB003B91B5;
			productRefGroup = 556029AF258220CB003B91B5 /* Products */;
			projectDirPath = "";
			projectRoot = "";
			targets = (
				556029AD258220CB003B91B5 /* journal */,
				556029C3258220CF003B91B5 /* journalTests */,
				556029CE258220CF003B91B5 /* journalUITests */,
			);
		};
/* End PBXProject section */

/* Begin PBXResourcesBuildPhase section */
		556029AC258220CB003B91B5 /* Resources */ = {
			isa = PBXResourcesBuildPhase;
			buildActionMask = 2147483647;
			files = (
				556029BE258220CE003B91B5 /* LaunchScreen.storyboard in Resources */,
				556029BB258220CE003B91B5 /* Assets.xcassets in Resources */,
				556029B9258220CB003B91B5 /* Main.storyboard in Resources */,
			);
			runOnlyForDeploymentPostprocessing = 0;
		};
		556029C2258220CF003B91B5 /* Resources */ = {
			isa = PBXResourcesBuildPhase;
			buildActionMask = 2147483647;
			files = (
			);
			runOnlyForDeploymentPostprocessing = 0;
		};
		556029CD258220CF003B91B5 /* Resources */ = {
			isa = PBXResourcesBuildPhase;
			buildActionMask = 2147483647;
			files = (
			);
			runOnlyForDeploymentPostprocessing = 0;
		};
/* End PBXResourcesBuildPhase section */

/* Begin PBXShellScriptBuildPhase section */
		190543259A30DE5B0C963FD2 /* [CP] Check Pods Manifest.lock */ = {
			isa = PBXShellScriptBuildPhase;
			buildActionMask = 2147483647;
			files = (
			);
			inputFileListPaths = (
			);
			inputPaths = (
				"${PODS_PODFILE_DIR_PATH}/Podfile.lock",
				"${PODS_ROOT}/Manifest.lock",
			);
			name = "[CP] Check Pods Manifest.lock";
			outputFileListPaths = (
			);
			outputPaths = (
				"$(DERIVED_FILE_DIR)/Pods-journalTests-checkManifestLockResult.txt",
			);
			runOnlyForDeploymentPostprocessing = 0;
			shellPath = /bin/sh;
			shellScript = "diff \"${PODS_PODFILE_DIR_PATH}/Podfile.lock\" \"${PODS_ROOT}/Manifest.lock\" > /dev/null\nif [ $? != 0 ] ; then\n    # print error to STDERR\n    echo \"error: The sandbox is not in sync with the Podfile.lock. Run 'pod install' or update your CocoaPods installation.\" >&2\n    exit 1\nfi\n# This output is used by Xcode 'outputs' to avoid re-running this script phase.\necho \"SUCCESS\" > \"${SCRIPT_OUTPUT_FILE_0}\"\n";
			showEnvVarsInLog = 0;
		};
		1F3BEDE639C8C19AF53C7587 /* [CP] Check Pods Manifest.lock */ = {
			isa = PBXShellScriptBuildPhase;
			buildActionMask = 2147483647;
			files = (
			);
			inputFileListPaths = (
			);
			inputPaths = (
				"${PODS_PODFILE_DIR_PATH}/Podfile.lock",
				"${PODS_ROOT}/Manifest.lock",
			);
			name = "[CP] Check Pods Manifest.lock";
			outputFileListPaths = (
			);
			outputPaths = (
				"$(DERIVED_FILE_DIR)/Pods-journal-checkManifestLockResult.txt",
			);
			runOnlyForDeploymentPostprocessing = 0;
			shellPath = /bin/sh;
			shellScript = "diff \"${PODS_PODFILE_DIR_PATH}/Podfile.lock\" \"${PODS_ROOT}/Manifest.lock\" > /dev/null\nif [ $? != 0 ] ; then\n    # print error to STDERR\n    echo \"error: The sandbox is not in sync with the Podfile.lock. Run 'pod install' or update your CocoaPods installation.\" >&2\n    exit 1\nfi\n# This output is used by Xcode 'outputs' to avoid re-running this script phase.\necho \"SUCCESS\" > \"${SCRIPT_OUTPUT_FILE_0}\"\n";
			showEnvVarsInLog = 0;
		};
		44F50B734BC066395B1AFA6C /* [CP] Embed Pods Frameworks */ = {
			isa = PBXShellScriptBuildPhase;
			buildActionMask = 2147483647;
			files = (
			);
			inputFileListPaths = (
				"${PODS_ROOT}/Target Support Files/Pods-journal/Pods-journal-frameworks-${CONFIGURATION}-input-files.xcfilelist",
			);
			name = "[CP] Embed Pods Frameworks";
			outputFileListPaths = (
				"${PODS_ROOT}/Target Support Files/Pods-journal/Pods-journal-frameworks-${CONFIGURATION}-output-files.xcfilelist",
			);
			runOnlyForDeploymentPostprocessing = 0;
			shellPath = /bin/sh;
			shellScript = "\"${PODS_ROOT}/Target Support Files/Pods-journal/Pods-journal-frameworks.sh\"\n";
			showEnvVarsInLog = 0;
		};
		A38B1CD838AEE7E0F05C1447 /* [CP] Embed Pods Frameworks */ = {
			isa = PBXShellScriptBuildPhase;
			buildActionMask = 2147483647;
			files = (
			);
			inputFileListPaths = (
				"${PODS_ROOT}/Target Support Files/Pods-journal-journalUITests/Pods-journal-journalUITests-frameworks-${CONFIGURATION}-input-files.xcfilelist",
			);
			name = "[CP] Embed Pods Frameworks";
			outputFileListPaths = (
				"${PODS_ROOT}/Target Support Files/Pods-journal-journalUITests/Pods-journal-journalUITests-frameworks-${CONFIGURATION}-output-files.xcfilelist",
			);
			runOnlyForDeploymentPostprocessing = 0;
			shellPath = /bin/sh;
			shellScript = "\"${PODS_ROOT}/Target Support Files/Pods-journal-journalUITests/Pods-journal-journalUITests-frameworks.sh\"\n";
			showEnvVarsInLog = 0;
		};
		DB7E043EFEA9271399869951 /* [CP] Check Pods Manifest.lock */ = {
			isa = PBXShellScriptBuildPhase;
			buildActionMask = 2147483647;
			files = (
			);
			inputFileListPaths = (
			);
			inputPaths = (
				"${PODS_PODFILE_DIR_PATH}/Podfile.lock",
				"${PODS_ROOT}/Manifest.lock",
			);
			name = "[CP] Check Pods Manifest.lock";
			outputFileListPaths = (
			);
			outputPaths = (
				"$(DERIVED_FILE_DIR)/Pods-journal-journalUITests-checkManifestLockResult.txt",
			);
			runOnlyForDeploymentPostprocessing = 0;
			shellPath = /bin/sh;
			shellScript = "diff \"${PODS_PODFILE_DIR_PATH}/Podfile.lock\" \"${PODS_ROOT}/Manifest.lock\" > /dev/null\nif [ $? != 0 ] ; then\n    # print error to STDERR\n    echo \"error: The sandbox is not in sync with the Podfile.lock. Run 'pod install' or update your CocoaPods installation.\" >&2\n    exit 1\nfi\n# This output is used by Xcode 'outputs' to avoid re-running this script phase.\necho \"SUCCESS\" > \"${SCRIPT_OUTPUT_FILE_0}\"\n";
			showEnvVarsInLog = 0;
		};
/* End PBXShellScriptBuildPhase section */

/* Begin PBXSourcesBuildPhase section */
		556029AA258220CB003B91B5 /* Sources */ = {
			isa = PBXSourcesBuildPhase;
			buildActionMask = 2147483647;
			files = (
				55602A01258225B5003B91B5 /* LoginViewController.swift in Sources */,
				55602A0625822C36003B91B5 /* CameraViewController.swift in Sources */,
				556029B2258220CB003B91B5 /* AppDelegate.swift in Sources */,
				55602A212582E836003B91B5 /* NoteCell.swift in Sources */,
				556029F925822460003B91B5 /* FeedViewController.swift in Sources */,
				556029B4258220CB003B91B5 /* SceneDelegate.swift in Sources */,
			);
			runOnlyForDeploymentPostprocessing = 0;
		};
		556029C0258220CF003B91B5 /* Sources */ = {
			isa = PBXSourcesBuildPhase;
			buildActionMask = 2147483647;
			files = (
				556029C9258220CF003B91B5 /* journalTests.swift in Sources */,
			);
			runOnlyForDeploymentPostprocessing = 0;
		};
		556029CB258220CF003B91B5 /* Sources */ = {
			isa = PBXSourcesBuildPhase;
			buildActionMask = 2147483647;
			files = (
				556029D4258220CF003B91B5 /* journalUITests.swift in Sources */,
			);
			runOnlyForDeploymentPostprocessing = 0;
		};
/* End PBXSourcesBuildPhase section */

/* Begin PBXTargetDependency section */
		556029C6258220CF003B91B5 /* PBXTargetDependency */ = {
			isa = PBXTargetDependency;
			target = 556029AD258220CB003B91B5 /* journal */;
			targetProxy = 556029C5258220CF003B91B5 /* PBXContainerItemProxy */;
		};
		556029D1258220CF003B91B5 /* PBXTargetDependency */ = {
			isa = PBXTargetDependency;
			target = 556029AD258220CB003B91B5 /* journal */;
			targetProxy = 556029D0258220CF003B91B5 /* PBXContainerItemProxy */;
		};
/* End PBXTargetDependency section */

/* Begin PBXVariantGroup section */
		556029B7258220CB003B91B5 /* Main.storyboard */ = {
			isa = PBXVariantGroup;
			children = (
				556029B8258220CB003B91B5 /* Base */,
			);
			name = Main.storyboard;
			sourceTree = "<group>";
		};
		556029BC258220CE003B91B5 /* LaunchScreen.storyboard */ = {
			isa = PBXVariantGroup;
			children = (
				556029BD258220CE003B91B5 /* Base */,
			);
			name = LaunchScreen.storyboard;
			sourceTree = "<group>";
		};
/* End PBXVariantGroup section */

/* Begin XCBuildConfiguration section */
		556029D6258220CF003B91B5 /* Debug */ = {
			isa = XCBuildConfiguration;
			buildSettings = {
				ALWAYS_SEARCH_USER_PATHS = NO;
				CLANG_ANALYZER_NONNULL = YES;
				CLANG_ANALYZER_NUMBER_OBJECT_CONVERSION = YES_AGGRESSIVE;
				CLANG_CXX_LANGUAGE_STANDARD = "gnu++14";
				CLANG_CXX_LIBRARY = "libc++";
				CLANG_ENABLE_MODULES = YES;
				CLANG_ENABLE_OBJC_ARC = YES;
				CLANG_ENABLE_OBJC_WEAK = YES;
				CLANG_WARN_BLOCK_CAPTURE_AUTORELEASING = YES;
				CLANG_WARN_BOOL_CONVERSION = YES;
				CLANG_WARN_COMMA = YES;
				CLANG_WARN_CONSTANT_CONVERSION = YES;
				CLANG_WARN_DEPRECATED_OBJC_IMPLEMENTATIONS = YES;
				CLANG_WARN_DIRECT_OBJC_ISA_USAGE = YES_ERROR;
				CLANG_WARN_DOCUMENTATION_COMMENTS = YES;
				CLANG_WARN_EMPTY_BODY = YES;
				CLANG_WARN_ENUM_CONVERSION = YES;
				CLANG_WARN_INFINITE_RECURSION = YES;
				CLANG_WARN_INT_CONVERSION = YES;
				CLANG_WARN_NON_LITERAL_NULL_CONVERSION = YES;
				CLANG_WARN_OBJC_IMPLICIT_RETAIN_SELF = YES;
				CLANG_WARN_OBJC_LITERAL_CONVERSION = YES;
				CLANG_WARN_OBJC_ROOT_CLASS = YES_ERROR;
				CLANG_WARN_QUOTED_INCLUDE_IN_FRAMEWORK_HEADER = YES;
				CLANG_WARN_RANGE_LOOP_ANALYSIS = YES;
				CLANG_WARN_STRICT_PROTOTYPES = YES;
				CLANG_WARN_SUSPICIOUS_MOVE = YES;
				CLANG_WARN_UNGUARDED_AVAILABILITY = YES_AGGRESSIVE;
				CLANG_WARN_UNREACHABLE_CODE = YES;
				CLANG_WARN__DUPLICATE_METHOD_MATCH = YES;
				COPY_PHASE_STRIP = NO;
				DEBUG_INFORMATION_FORMAT = dwarf;
				ENABLE_STRICT_OBJC_MSGSEND = YES;
				ENABLE_TESTABILITY = YES;
				GCC_C_LANGUAGE_STANDARD = gnu11;
				GCC_DYNAMIC_NO_PIC = NO;
				GCC_NO_COMMON_BLOCKS = YES;
				GCC_OPTIMIZATION_LEVEL = 0;
				GCC_PREPROCESSOR_DEFINITIONS = (
					"DEBUG=1",
					"$(inherited)",
				);
				GCC_WARN_64_TO_32_BIT_CONVERSION = YES;
				GCC_WARN_ABOUT_RETURN_TYPE = YES_ERROR;
				GCC_WARN_UNDECLARED_SELECTOR = YES;
				GCC_WARN_UNINITIALIZED_AUTOS = YES_AGGRESSIVE;
				GCC_WARN_UNUSED_FUNCTION = YES;
				GCC_WARN_UNUSED_VARIABLE = YES;
				IPHONEOS_DEPLOYMENT_TARGET = 14.0;
				MTL_ENABLE_DEBUG_INFO = INCLUDE_SOURCE;
				MTL_FAST_MATH = YES;
				ONLY_ACTIVE_ARCH = YES;
				SDKROOT = iphoneos;
				SWIFT_ACTIVE_COMPILATION_CONDITIONS = DEBUG;
				SWIFT_OPTIMIZATION_LEVEL = "-Onone";
			};
			name = Debug;
		};
		556029D7258220CF003B91B5 /* Release */ = {
			isa = XCBuildConfiguration;
			buildSettings = {
				ALWAYS_SEARCH_USER_PATHS = NO;
				CLANG_ANALYZER_NONNULL = YES;
				CLANG_ANALYZER_NUMBER_OBJECT_CONVERSION = YES_AGGRESSIVE;
				CLANG_CXX_LANGUAGE_STANDARD = "gnu++14";
				CLANG_CXX_LIBRARY = "libc++";
				CLANG_ENABLE_MODULES = YES;
				CLANG_ENABLE_OBJC_ARC = YES;
				CLANG_ENABLE_OBJC_WEAK = YES;
				CLANG_WARN_BLOCK_CAPTURE_AUTORELEASING = YES;
				CLANG_WARN_BOOL_CONVERSION = YES;
				CLANG_WARN_COMMA = YES;
				CLANG_WARN_CONSTANT_CONVERSION = YES;
				CLANG_WARN_DEPRECATED_OBJC_IMPLEMENTATIONS = YES;
				CLANG_WARN_DIRECT_OBJC_ISA_USAGE = YES_ERROR;
				CLANG_WARN_DOCUMENTATION_COMMENTS = YES;
				CLANG_WARN_EMPTY_BODY = YES;
				CLANG_WARN_ENUM_CONVERSION = YES;
				CLANG_WARN_INFINITE_RECURSION = YES;
				CLANG_WARN_INT_CONVERSION = YES;
				CLANG_WARN_NON_LITERAL_NULL_CONVERSION = YES;
				CLANG_WARN_OBJC_IMPLICIT_RETAIN_SELF = YES;
				CLANG_WARN_OBJC_LITERAL_CONVERSION = YES;
				CLANG_WARN_OBJC_ROOT_CLASS = YES_ERROR;
				CLANG_WARN_QUOTED_INCLUDE_IN_FRAMEWORK_HEADER = YES;
				CLANG_WARN_RANGE_LOOP_ANALYSIS = YES;
				CLANG_WARN_STRICT_PROTOTYPES = YES;
				CLANG_WARN_SUSPICIOUS_MOVE = YES;
				CLANG_WARN_UNGUARDED_AVAILABILITY = YES_AGGRESSIVE;
				CLANG_WARN_UNREACHABLE_CODE = YES;
				CLANG_WARN__DUPLICATE_METHOD_MATCH = YES;
				COPY_PHASE_STRIP = NO;
				DEBUG_INFORMATION_FORMAT = "dwarf-with-dsym";
				ENABLE_NS_ASSERTIONS = NO;
				ENABLE_STRICT_OBJC_MSGSEND = YES;
				GCC_C_LANGUAGE_STANDARD = gnu11;
				GCC_NO_COMMON_BLOCKS = YES;
				GCC_WARN_64_TO_32_BIT_CONVERSION = YES;
				GCC_WARN_ABOUT_RETURN_TYPE = YES_ERROR;
				GCC_WARN_UNDECLARED_SELECTOR = YES;
				GCC_WARN_UNINITIALIZED_AUTOS = YES_AGGRESSIVE;
				GCC_WARN_UNUSED_FUNCTION = YES;
				GCC_WARN_UNUSED_VARIABLE = YES;
				IPHONEOS_DEPLOYMENT_TARGET = 14.0;
				MTL_ENABLE_DEBUG_INFO = NO;
				MTL_FAST_MATH = YES;
				SDKROOT = iphoneos;
				SWIFT_COMPILATION_MODE = wholemodule;
				SWIFT_OPTIMIZATION_LEVEL = "-O";
				VALIDATE_PRODUCT = YES;
			};
			name = Release;
		};
		556029D9258220CF003B91B5 /* Debug */ = {
			isa = XCBuildConfiguration;
			baseConfigurationReference = 8197B335F945165EBFC43B93 /* Pods-journal.debug.xcconfig */;
			buildSettings = {
				ASSETCATALOG_COMPILER_APPICON_NAME = AppIcon;
				ASSETCATALOG_COMPILER_GLOBAL_ACCENT_COLOR_NAME = AccentColor;
				CODE_SIGN_STYLE = Automatic;
				INFOPLIST_FILE = journal/Info.plist;
				LD_RUNPATH_SEARCH_PATHS = (
					"$(inherited)",
					"@executable_path/Frameworks",
				);
				PRODUCT_BUNDLE_IDENTIFIER = lara.oscar.journal;
				PRODUCT_NAME = "$(TARGET_NAME)";
				SWIFT_VERSION = 5.0;
				TARGETED_DEVICE_FAMILY = "1,2";
			};
			name = Debug;
		};
		556029DA258220CF003B91B5 /* Release */ = {
			isa = XCBuildConfiguration;
			baseConfigurationReference = D3F190B14430049963534E8D /* Pods-journal.release.xcconfig */;
			buildSettings = {
				ASSETCATALOG_COMPILER_APPICON_NAME = AppIcon;
				ASSETCATALOG_COMPILER_GLOBAL_ACCENT_COLOR_NAME = AccentColor;
				CODE_SIGN_STYLE = Automatic;
				INFOPLIST_FILE = journal/Info.plist;
				LD_RUNPATH_SEARCH_PATHS = (
					"$(inherited)",
					"@executable_path/Frameworks",
				);
				PRODUCT_BUNDLE_IDENTIFIER = lara.oscar.journal;
				PRODUCT_NAME = "$(TARGET_NAME)";
				SWIFT_VERSION = 5.0;
				TARGETED_DEVICE_FAMILY = "1,2";
			};
			name = Release;
		};
		556029DC258220CF003B91B5 /* Debug */ = {
			isa = XCBuildConfiguration;
			baseConfigurationReference = E23DF9623B1B8D08D6094FE3 /* Pods-journalTests.debug.xcconfig */;
			buildSettings = {
				ALWAYS_EMBED_SWIFT_STANDARD_LIBRARIES = YES;
				BUNDLE_LOADER = "$(TEST_HOST)";
				CODE_SIGN_STYLE = Automatic;
				INFOPLIST_FILE = journalTests/Info.plist;
				IPHONEOS_DEPLOYMENT_TARGET = 14.0;
				LD_RUNPATH_SEARCH_PATHS = (
					"$(inherited)",
					"@executable_path/Frameworks",
					"@loader_path/Frameworks",
				);
				PRODUCT_BUNDLE_IDENTIFIER = lara.oscar.journalTests;
				PRODUCT_NAME = "$(TARGET_NAME)";
				SWIFT_VERSION = 5.0;
				TARGETED_DEVICE_FAMILY = "1,2";
				TEST_HOST = "$(BUILT_PRODUCTS_DIR)/journal.app/journal";
			};
			name = Debug;
		};
		556029DD258220CF003B91B5 /* Release */ = {
			isa = XCBuildConfiguration;
			baseConfigurationReference = 16406152AE2679B913C9EA26 /* Pods-journalTests.release.xcconfig */;
			buildSettings = {
				ALWAYS_EMBED_SWIFT_STANDARD_LIBRARIES = YES;
				BUNDLE_LOADER = "$(TEST_HOST)";
				CODE_SIGN_STYLE = Automatic;
				INFOPLIST_FILE = journalTests/Info.plist;
				IPHONEOS_DEPLOYMENT_TARGET = 14.0;
				LD_RUNPATH_SEARCH_PATHS = (
					"$(inherited)",
					"@executable_path/Frameworks",
					"@loader_path/Frameworks",
				);
				PRODUCT_BUNDLE_IDENTIFIER = lara.oscar.journalTests;
				PRODUCT_NAME = "$(TARGET_NAME)";
				SWIFT_VERSION = 5.0;
				TARGETED_DEVICE_FAMILY = "1,2";
				TEST_HOST = "$(BUILT_PRODUCTS_DIR)/journal.app/journal";
			};
			name = Release;
		};
		556029DF258220CF003B91B5 /* Debug */ = {
			isa = XCBuildConfiguration;
			baseConfigurationReference = 74AB9806F40BF2D2EA18930B /* Pods-journal-journalUITests.debug.xcconfig */;
			buildSettings = {
				ALWAYS_EMBED_SWIFT_STANDARD_LIBRARIES = YES;
				CODE_SIGN_STYLE = Automatic;
				INFOPLIST_FILE = journalUITests/Info.plist;
				LD_RUNPATH_SEARCH_PATHS = (
					"$(inherited)",
					"@executable_path/Frameworks",
					"@loader_path/Frameworks",
				);
				PRODUCT_BUNDLE_IDENTIFIER = lara.oscar.journalUITests;
				PRODUCT_NAME = "$(TARGET_NAME)";
				SWIFT_VERSION = 5.0;
				TARGETED_DEVICE_FAMILY = "1,2";
				TEST_TARGET_NAME = journal;
			};
			name = Debug;
		};
		556029E0258220CF003B91B5 /* Release */ = {
			isa = XCBuildConfiguration;
			baseConfigurationReference = 71FC93925E9CF5B1A4245E73 /* Pods-journal-journalUITests.release.xcconfig */;
			buildSettings = {
				ALWAYS_EMBED_SWIFT_STANDARD_LIBRARIES = YES;
				CODE_SIGN_STYLE = Automatic;
				INFOPLIST_FILE = journalUITests/Info.plist;
				LD_RUNPATH_SEARCH_PATHS = (
					"$(inherited)",
					"@executable_path/Frameworks",
					"@loader_path/Frameworks",
				);
				PRODUCT_BUNDLE_IDENTIFIER = lara.oscar.journalUITests;
				PRODUCT_NAME = "$(TARGET_NAME)";
				SWIFT_VERSION = 5.0;
				TARGETED_DEVICE_FAMILY = "1,2";
				TEST_TARGET_NAME = journal;
			};
			name = Release;
		};
/* End XCBuildConfiguration section */

/* Begin XCConfigurationList section */
		556029A9258220CB003B91B5 /* Build configuration list for PBXProject "journal" */ = {
			isa = XCConfigurationList;
			buildConfigurations = (
				556029D6258220CF003B91B5 /* Debug */,
				556029D7258220CF003B91B5 /* Release */,
			);
			defaultConfigurationIsVisible = 0;
			defaultConfigurationName = Release;
		};
		556029D8258220CF003B91B5 /* Build configuration list for PBXNativeTarget "journal" */ = {
			isa = XCConfigurationList;
			buildConfigurations = (
				556029D9258220CF003B91B5 /* Debug */,
				556029DA258220CF003B91B5 /* Release */,
			);
			defaultConfigurationIsVisible = 0;
			defaultConfigurationName = Release;
		};
		556029DB258220CF003B91B5 /* Build configuration list for PBXNativeTarget "journalTests" */ = {
			isa = XCConfigurationList;
			buildConfigurations = (
				556029DC258220CF003B91B5 /* Debug */,
				556029DD258220CF003B91B5 /* Release */,
			);
			defaultConfigurationIsVisible = 0;
			defaultConfigurationName = Release;
		};
		556029DE258220CF003B91B5 /* Build configuration list for PBXNativeTarget "journalUITests" */ = {
			isa = XCConfigurationList;
			buildConfigurations = (
				556029DF258220CF003B91B5 /* Debug */,
				556029E0258220CF003B91B5 /* Release */,
			);
			defaultConfigurationIsVisible = 0;
			defaultConfigurationName = Release;
		};
/* End XCConfigurationList section */
	};
	rootObject = 556029A6258220CB003B91B5 /* Project object */;
}
